
Microsoft Visual Studio Solution File, Format Version 12.00
Project("{FAE04EC0-301F-11D3-BF4B-00C04F79EFBC}") = "ProtoLib", "ProtoLib\ProtoLib.csproj", "{2D6CBD8C-C12D-4B2A-90D6-2E670D3A2002}"
EndProject
Project("{FAE04EC0-301F-11D3-BF4B-00C04F79EFBC}") = "ProductProtoPortal", "ProductProtoPortal\ProductProtoPortal.csproj", "{23152A5C-1929-4EBD-8197-C6C3FEEED995}"
EndProject
Project("{FAE04EC0-301F-11D3-BF4B-00C04F79EFBC}") = "StableProduction.Model", "StableProduction.Model\StableProduction.Model.csproj", "{5F91F561-1C5A-43E5-A9D3-4DC16DF4C535}"
EndProject
Project("{FAE04EC0-301F-11D3-BF4B-00C04F79EFBC}") = "StableProduction.Storage", "StableProduction.Storage\StableProduction.Storage.csproj", "{04058DE1-407B-4733-B9EF-E3C8F243CFE7}"
EndProject
Project("{FAE04EC0-301F-11D3-BF4B-00C04F79EFBC}") = "Croner", "Croner\Croner.csproj", "{DAC5E571-F98A-47FC-9632-D26B4C3AB36B}"
EndProject
Project("{FAE04EC0-301F-11D3-BF4B-00C04F79EFBC}") = "ProductNew", "ProductNew\ProductNew.csproj", "{AE370F05-14D1-44E7-BBC0-8501E84A24AC}"
EndProject
Project("{FAE04EC0-301F-11D3-BF4B-00C04F79EFBC}") = "ProductNewLib", "ProductNewLib\ProductNewLib.csproj", "{E414EF54-62EC-4D34-8CF4-9312CEA1E259}"
EndProject
Global
	GlobalSection(SolutionConfigurationPlatforms) = preSolution
		Debug|Any CPU = Debug|Any CPU
		Release|Any CPU = Release|Any CPU
	EndGlobalSection
	GlobalSection(ProjectConfigurationPlatforms) = postSolution
		{2D6CBD8C-C12D-4B2A-90D6-2E670D3A2002}.Debug|Any CPU.ActiveCfg = Debug|Any CPU
		{2D6CBD8C-C12D-4B2A-90D6-2E670D3A2002}.Debug|Any CPU.Build.0 = Debug|Any CPU
		{2D6CBD8C-C12D-4B2A-90D6-2E670D3A2002}.Release|Any CPU.ActiveCfg = Release|Any CPU
		{2D6CBD8C-C12D-4B2A-90D6-2E670D3A2002}.Release|Any CPU.Build.0 = Release|Any CPU
		{23152A5C-1929-4EBD-8197-C6C3FEEED995}.Debug|Any CPU.ActiveCfg = Debug|Any CPU
		{23152A5C-1929-4EBD-8197-C6C3FEEED995}.Debug|Any CPU.Build.0 = Debug|Any CPU
		{23152A5C-1929-4EBD-8197-C6C3FEEED995}.Release|Any CPU.ActiveCfg = Release|Any CPU
		{23152A5C-1929-4EBD-8197-C6C3FEEED995}.Release|Any CPU.Build.0 = Release|Any CPU
		{5F91F561-1C5A-43E5-A9D3-4DC16DF4C535}.Debug|Any CPU.ActiveCfg = Debug|Any CPU
		{5F91F561-1C5A-43E5-A9D3-4DC16DF4C535}.Debug|Any CPU.Build.0 = Debug|Any CPU
		{5F91F561-1C5A-43E5-A9D3-4DC16DF4C535}.Release|Any CPU.ActiveCfg = Release|Any CPU
		{5F91F561-1C5A-43E5-A9D3-4DC16DF4C535}.Release|Any CPU.Build.0 = Release|Any CPU
		{04058DE1-407B-4733-B9EF-E3C8F243CFE7}.Debug|Any CPU.ActiveCfg = Debug|Any CPU
		{04058DE1-407B-4733-B9EF-E3C8F243CFE7}.Debug|Any CPU.Build.0 = Debug|Any CPU
		{04058DE1-407B-4733-B9EF-E3C8F243CFE7}.Release|Any CPU.ActiveCfg = Release|Any CPU
		{04058DE1-407B-4733-B9EF-E3C8F243CFE7}.Release|Any CPU.Build.0 = Release|Any CPU
		{DAC5E571-F98A-47FC-9632-D26B4C3AB36B}.Debug|Any CPU.ActiveCfg = Debug|Any CPU
		{DAC5E571-F98A-47FC-9632-D26B4C3AB36B}.Debug|Any CPU.Build.0 = Debug|Any CPU
		{DAC5E571-F98A-47FC-9632-D26B4C3AB36B}.Release|Any CPU.ActiveCfg = Release|Any CPU
		{DAC5E571-F98A-47FC-9632-D26B4C3AB36B}.Release|Any CPU.Build.0 = Release|Any CPU
		{AE370F05-14D1-44E7-BBC0-8501E84A24AC}.Debug|Any CPU.ActiveCfg = Debug|Any CPU
		{AE370F05-14D1-44E7-BBC0-8501E84A24AC}.Debug|Any CPU.Build.0 = Debug|Any CPU
		{AE370F05-14D1-44E7-BBC0-8501E84A24AC}.Release|Any CPU.ActiveCfg = Release|Any CPU
		{AE370F05-14D1-44E7-BBC0-8501E84A24AC}.Release|Any CPU.Build.0 = Release|Any CPU
		{E414EF54-62EC-4D34-8CF4-9312CEA1E259}.Debug|Any CPU.ActiveCfg = Debug|Any CPU
		{E414EF54-62EC-4D34-8CF4-9312CEA1E259}.Debug|Any CPU.Build.0 = Debug|Any CPU
		{E414EF54-62EC-4D34-8CF4-9312CEA1E259}.Release|Any CPU.ActiveCfg = Release|Any CPU
		{E414EF54-62EC-4D34-8CF4-9312CEA1E259}.Release|Any CPU.Build.0 = Release|Any CPU
	EndGlobalSection
EndGlobal
